{
  "name": "@halliday/ident",
  "version": "1.0.3",
  "lockfileVersion": 2,
  "requires": true,
  "packages": {
    "": {
      "name": "@halliday/ident",
      "version": "1.0.3",
      "license": "ISC",
      "dependencies": {
        "@halliday/rest": "^1.0.0"
      },
      "devDependencies": {}
    },
    "node_modules/@halliday/rest": {
      "version": "1.0.0",
      "resolved": "https://registry.npmjs.org/@halliday/rest/-/rest-1.0.0.tgz",
      "integrity": "sha512-uBeRPv1utZ0ZADDRAAaVEQwCdeYD9PyMqpa+e6DM53uxCRujzZJiQV7F7Mu0ncsaYSn6uGytyRzuiwQ0yMTFzw=="
    }
  },
  "dependencies": {
    "@halliday/rest": {
      "version": "1.0.0",
      "resolved": "https://registry.npmjs.org/@halliday/rest/-/rest-1.0.0.tgz",
      "integrity": "sha512-uBeRPv1utZ0ZADDRAAaVEQwCdeYD9PyMqpa+e6DM53uxCRujzZJiQV7F7Mu0ncsaYSn6uGytyRzuiwQ0yMTFzw=="
    }
  }
}
